{
  "name": "@nikhilappasani/grimoire",
  "version": "0.6.0",
  "lockfileVersion": 3,
  "requires": true,
  "packages": {
    "": {
      "name": "@nikhilappasani/grimoire",
      "version": "0.6.0",
      "license": "MIT",
      "bin": {
        "grimoire": "bin/grimoire.js"
      },
      "engines": {
        "node": ">=20"
      }
    }
  }
}
