{
  "name": "@nikhilappasani/grimoire",
  "version": "0.4.0",
  "lockfileVersion": 3,
  "requires": true,
  "packages": {
    "": {
      "name": "@nikhilappasani/grimoire",
      "version": "0.4.0",
      "license": "MIT",
      "dependencies": {
        "@nikhilappasani/grimoire": "^0.4.0"
      },
      "bin": {
        "grimoire": "bin/grimoire.js"
      },
      "engines": {
        "node": ">=20"
      }
    },
    "node_modules/@nikhilappasani/grimoire": {
      "version": "0.4.0",
      "resolved": "https://registry.npmjs.org/@nikhilappasani/grimoire/-/grimoire-0.4.0.tgz",
      "integrity": "sha512-KEU26Zjzl4/RAvQ8YlSJ6U9UFKSlVvhcni92SSl8tKzqrViflNxJ4DNBqfAMNOnkA70r/dK6J2LR7S7LY1ffnw==",
      "license": "MIT",
      "bin": {
        "grimoire": "bin/grimoire.js"
      },
      "engines": {
        "node": ">=20"
      }
    }
  }
}
