{
  "name": "@nikhilappasani/grimoire",
  "version": "0.6.0",
  "lockfileVersion": 3,
  "requires": true,
  "packages": {
    "": {
      "name": "@nikhilappasani/grimoire",
      "version": "0.6.0",
      "license": "MIT",
      "dependencies": {
        "@nikhilappasani/grimoire": "^0.4.1"
      },
      "bin": {
        "grimoire": "bin/grimoire.js"
      },
      "engines": {
        "node": ">=20"
      }
    },
    "node_modules/@nikhilappasani/grimoire": {
      "version": "0.4.1",
      "resolved": "https://registry.npmjs.org/@nikhilappasani/grimoire/-/grimoire-0.4.1.tgz",
      "integrity": "sha512-mgdYBmpFzUN+L7cnz+uQR75Erqlgb7AQ0PnLnFGpnCJoYcc+j3+fXwJckt7jAOzqqMR0Ow2XoQSKhxq+lcDKzw==",
      "license": "MIT",
      "dependencies": {
        "@nikhilappasani/grimoire": "^0.4.0"
      },
      "bin": {
        "grimoire": "bin/grimoire.js"
      },
      "engines": {
        "node": ">=20"
      }
    }
  }
}
